Microsoft Visual Studio Solution File, Format Version 12.00
# Visual Studio Version 17
VisualStudioVersion = 17.5.2.0
MinimumVisualStudioVersion = 10.0.40219.1
Project("{FAE04EC0-301F-11D3-BF4B-00C04F79EFBC}") = "studentConsoleManager", "studentConsoleManager.csproj", "{94A2A8DD-6FDA-5CC2-5E6E-A0ADF2E2F3A3}"
EndProject
Global
	GlobalSection(SolutionConfigurationPlatforms) = preSolution
		Debug|Any CPU = Debug|Any CPU
		Release|Any CPU = Release|Any CPU
	EndGlobalSection
	GlobalSection(ProjectConfigurationPlatforms) = postSolution
		{94A2A8DD-6FDA-5CC2-5E6E-A0ADF2E2F3A3}.Debug|Any CPU.ActiveCfg = Debug|Any CPU
		{94A2A8DD-6FDA-5CC2-5E6E-A0ADF2E2F3A3}.Debug|Any CPU.Build.0 = Debug|Any CPU
		{94A2A8DD-6FDA-5CC2-5E6E-A0ADF2E2F3A3}.Release|Any CPU.ActiveCfg = Release|Any CPU
		{94A2A8DD-6FDA-5CC2-5E6E-A0ADF2E2F3A3}.Release|Any CPU.Build.0 = Release|Any CPU
	EndGlobalSection
	GlobalSection(SolutionProperties) = preSolution
		HideSolutionNode = FALSE
	EndGlobalSection
	GlobalSection(ExtensibilityGlobals) = postSolution
		SolutionGuid = {29AADFBD-5FE0-4727-83E1-90CA710C28BA}
	EndGlobalSection
EndGlobal
